
Microsoft Visual Studio Solution File, Format Version 12.00
# Visual Studio Version 16
VisualStudioVersion = 16.0.31424.327
MinimumVisualStudioVersion = 10.0.40219.1
Project("{FAE04EC0-301F-11D3-BF4B-00C04F79EFBC}") = "FuncionariosETercerizados", "FuncionariosETercerizados\FuncionariosETercerizados.csproj", "{470A338A-D9C4-4BAF-BBB3-9E1232D8743C}"
EndProject
Global
	GlobalSection(SolutionConfigurationPlatforms) = preSolution
		Debug|Any CPU = Debug|Any CPU
		Release|Any CPU = Release|Any CPU
	EndGlobalSection
	GlobalSection(ProjectConfigurationPlatforms) = postSolution
		{470A338A-D9C4-4BAF-BBB3-9E1232D8743C}.Debug|Any CPU.ActiveCfg = Debug|Any CPU
		{470A338A-D9C4-4BAF-BBB3-9E1232D8743C}.Debug|Any CPU.Build.0 = Debug|Any CPU
		{470A338A-D9C4-4BAF-BBB3-9E1232D8743C}.Release|Any CPU.ActiveCfg = Release|Any CPU
		{470A338A-D9C4-4BAF-BBB3-9E1232D8743C}.Release|Any CPU.Build.0 = Release|Any CPU
	EndGlobalSection
	GlobalSection(SolutionProperties) = preSolution
		HideSolutionNode = FALSE
	EndGlobalSection
	GlobalSection(ExtensibilityGlobals) = postSolution
		SolutionGuid = {653728ED-031A-48EA-9E1D-49E7D881DD14}
	EndGlobalSection
EndGlobal
