
Microsoft Visual Studio Solution File, Format Version 12.00
# Visual Studio Version 16
VisualStudioVersion = 16.0.31424.327
MinimumVisualStudioVersion = 10.0.40219.1
Project("{FAE04EC0-301F-11D3-BF4B-00C04F79EFBC}") = "ConversorDeMoeda03", "ConversorDeMoeda03\ConversorDeMoeda03.csproj", "{8170807A-1BF9-44FB-8099-AEABF8EAA232}"
EndProject
Global
	GlobalSection(SolutionConfigurationPlatforms) = preSolution
		Debug|Any CPU = Debug|Any CPU
		Release|Any CPU = Release|Any CPU
	EndGlobalSection
	GlobalSection(ProjectConfigurationPlatforms) = postSolution
		{8170807A-1BF9-44FB-8099-AEABF8EAA232}.Debug|Any CPU.ActiveCfg = Debug|Any CPU
		{8170807A-1BF9-44FB-8099-AEABF8EAA232}.Debug|Any CPU.Build.0 = Debug|Any CPU
		{8170807A-1BF9-44FB-8099-AEABF8EAA232}.Release|Any CPU.ActiveCfg = Release|Any CPU
		{8170807A-1BF9-44FB-8099-AEABF8EAA232}.Release|Any CPU.Build.0 = Release|Any CPU
	EndGlobalSection
	GlobalSection(SolutionProperties) = preSolution
		HideSolutionNode = FALSE
	EndGlobalSection
	GlobalSection(ExtensibilityGlobals) = postSolution
		SolutionGuid = {265E3C5B-9DC1-4180-9422-FC94032F4E5F}
	EndGlobalSection
EndGlobal
