
Microsoft Visual Studio Solution File, Format Version 12.00
# Visual Studio Version 16
VisualStudioVersion = 16.0.31424.327
MinimumVisualStudioVersion = 10.0.40219.1
Project("{FAE04EC0-301F-11D3-BF4B-00C04F79EFBC}") = "Bhaskara", "Bhaskara\Bhaskara.csproj", "{979BF54F-04B7-4EF8-BB95-B66803C28576}"
EndProject
Global
	GlobalSection(SolutionConfigurationPlatforms) = preSolution
		Debug|Any CPU = Debug|Any CPU
		Release|Any CPU = Release|Any CPU
	EndGlobalSection
	GlobalSection(ProjectConfigurationPlatforms) = postSolution
		{979BF54F-04B7-4EF8-BB95-B66803C28576}.Debug|Any CPU.ActiveCfg = Debug|Any CPU
		{979BF54F-04B7-4EF8-BB95-B66803C28576}.Debug|Any CPU.Build.0 = Debug|Any CPU
		{979BF54F-04B7-4EF8-BB95-B66803C28576}.Release|Any CPU.ActiveCfg = Release|Any CPU
		{979BF54F-04B7-4EF8-BB95-B66803C28576}.Release|Any CPU.Build.0 = Release|Any CPU
	EndGlobalSection
	GlobalSection(SolutionProperties) = preSolution
		HideSolutionNode = FALSE
	EndGlobalSection
	GlobalSection(ExtensibilityGlobals) = postSolution
		SolutionGuid = {756DE554-7383-469C-9476-98BA1AB22B7F}
	EndGlobalSection
EndGlobal
