
Microsoft Visual Studio Solution File, Format Version 12.00
# Visual Studio Version 16
VisualStudioVersion = 16.0.31424.327
MinimumVisualStudioVersion = 10.0.40219.1
Project("{FAE04EC0-301F-11D3-BF4B-00C04F79EFBC}") = "area-perimetro-diagonal", "area-perimetro-diagonal\area-perimetro-diagonal.csproj", "{93FE8D13-D613-4B90-9985-E5CFC501B4DC}"
EndProject
Global
	GlobalSection(SolutionConfigurationPlatforms) = preSolution
		Debug|Any CPU = Debug|Any CPU
		Release|Any CPU = Release|Any CPU
	EndGlobalSection
	GlobalSection(ProjectConfigurationPlatforms) = postSolution
		{93FE8D13-D613-4B90-9985-E5CFC501B4DC}.Debug|Any CPU.ActiveCfg = Debug|Any CPU
		{93FE8D13-D613-4B90-9985-E5CFC501B4DC}.Debug|Any CPU.Build.0 = Debug|Any CPU
		{93FE8D13-D613-4B90-9985-E5CFC501B4DC}.Release|Any CPU.ActiveCfg = Release|Any CPU
		{93FE8D13-D613-4B90-9985-E5CFC501B4DC}.Release|Any CPU.Build.0 = Release|Any CPU
	EndGlobalSection
	GlobalSection(SolutionProperties) = preSolution
		HideSolutionNode = FALSE
	EndGlobalSection
	GlobalSection(ExtensibilityGlobals) = postSolution
		SolutionGuid = {7AAEE358-1F32-4D34-BA3F-C21E2339D7E1}
	EndGlobalSection
EndGlobal
