
Microsoft Visual Studio Solution File, Format Version 12.00
# Visual Studio Version 16
VisualStudioVersion = 16.0.31424.327
MinimumVisualStudioVersion = 10.0.40219.1
Project("{FAE04EC0-301F-11D3-BF4B-00C04F79EFBC}") = "DistanciaDeDoisProdutos", "DistanciaDeDoisProdutos\DistanciaDeDoisProdutos.csproj", "{C3C62502-A422-4494-A571-55E940B4475E}"
EndProject
Global
	GlobalSection(SolutionConfigurationPlatforms) = preSolution
		Debug|Any CPU = Debug|Any CPU
		Release|Any CPU = Release|Any CPU
	EndGlobalSection
	GlobalSection(ProjectConfigurationPlatforms) = postSolution
		{C3C62502-A422-4494-A571-55E940B4475E}.Debug|Any CPU.ActiveCfg = Debug|Any CPU
		{C3C62502-A422-4494-A571-55E940B4475E}.Debug|Any CPU.Build.0 = Debug|Any CPU
		{C3C62502-A422-4494-A571-55E940B4475E}.Release|Any CPU.ActiveCfg = Release|Any CPU
		{C3C62502-A422-4494-A571-55E940B4475E}.Release|Any CPU.Build.0 = Release|Any CPU
	EndGlobalSection
	GlobalSection(SolutionProperties) = preSolution
		HideSolutionNode = FALSE
	EndGlobalSection
	GlobalSection(ExtensibilityGlobals) = postSolution
		SolutionGuid = {DBD8284E-6105-4A0E-B8C3-5BE115120C2A}
	EndGlobalSection
EndGlobal
