
Microsoft Visual Studio Solution File, Format Version 12.00
# Visual Studio Version 16
VisualStudioVersion = 16.0.31424.327
MinimumVisualStudioVersion = 10.0.40219.1
Project("{FAE04EC0-301F-11D3-BF4B-00C04F79EFBC}") = "MatrizComSplit", "MatrizComSplit\MatrizComSplit.csproj", "{A9AA37E4-17DF-480E-843E-32C91884290C}"
EndProject
Global
	GlobalSection(SolutionConfigurationPlatforms) = preSolution
		Debug|Any CPU = Debug|Any CPU
		Release|Any CPU = Release|Any CPU
	EndGlobalSection
	GlobalSection(ProjectConfigurationPlatforms) = postSolution
		{A9AA37E4-17DF-480E-843E-32C91884290C}.Debug|Any CPU.ActiveCfg = Debug|Any CPU
		{A9AA37E4-17DF-480E-843E-32C91884290C}.Debug|Any CPU.Build.0 = Debug|Any CPU
		{A9AA37E4-17DF-480E-843E-32C91884290C}.Release|Any CPU.ActiveCfg = Release|Any CPU
		{A9AA37E4-17DF-480E-843E-32C91884290C}.Release|Any CPU.Build.0 = Release|Any CPU
	EndGlobalSection
	GlobalSection(SolutionProperties) = preSolution
		HideSolutionNode = FALSE
	EndGlobalSection
	GlobalSection(ExtensibilityGlobals) = postSolution
		SolutionGuid = {108C7B8E-1235-4113-A305-1BFEEF1811C2}
	EndGlobalSection
EndGlobal
