
Microsoft Visual Studio Solution File, Format Version 12.00
# Visual Studio Version 16
VisualStudioVersion = 16.0.31424.327
MinimumVisualStudioVersion = 10.0.40219.1
Project("{FAE04EC0-301F-11D3-BF4B-00C04F79EFBC}") = "PrecoMedio", "PrecoMedio\PrecoMedio.csproj", "{D39A4537-65D8-4EAE-8BE1-2E63309A83F8}"
EndProject
Global
	GlobalSection(SolutionConfigurationPlatforms) = preSolution
		Debug|Any CPU = Debug|Any CPU
		Release|Any CPU = Release|Any CPU
	EndGlobalSection
	GlobalSection(ProjectConfigurationPlatforms) = postSolution
		{D39A4537-65D8-4EAE-8BE1-2E63309A83F8}.Debug|Any CPU.ActiveCfg = Debug|Any CPU
		{D39A4537-65D8-4EAE-8BE1-2E63309A83F8}.Debug|Any CPU.Build.0 = Debug|Any CPU
		{D39A4537-65D8-4EAE-8BE1-2E63309A83F8}.Release|Any CPU.ActiveCfg = Release|Any CPU
		{D39A4537-65D8-4EAE-8BE1-2E63309A83F8}.Release|Any CPU.Build.0 = Release|Any CPU
	EndGlobalSection
	GlobalSection(SolutionProperties) = preSolution
		HideSolutionNode = FALSE
	EndGlobalSection
	GlobalSection(ExtensibilityGlobals) = postSolution
		SolutionGuid = {7668DA59-FF04-429E-AE9C-D1E25B2A6B0B}
	EndGlobalSection
EndGlobal
