
Microsoft Visual Studio Solution File, Format Version 12.00
# Visual Studio Version 16
VisualStudioVersion = 16.0.31424.327
MinimumVisualStudioVersion = 10.0.40219.1
Project("{FAE04EC0-301F-11D3-BF4B-00C04F79EFBC}") = "ListaDeFuncionario", "ListaDeFuncionario\ListaDeFuncionario.csproj", "{D848F29B-83CC-446E-BCD1-37A6F7874DA8}"
EndProject
Global
	GlobalSection(SolutionConfigurationPlatforms) = preSolution
		Debug|Any CPU = Debug|Any CPU
		Release|Any CPU = Release|Any CPU
	EndGlobalSection
	GlobalSection(ProjectConfigurationPlatforms) = postSolution
		{D848F29B-83CC-446E-BCD1-37A6F7874DA8}.Debug|Any CPU.ActiveCfg = Debug|Any CPU
		{D848F29B-83CC-446E-BCD1-37A6F7874DA8}.Debug|Any CPU.Build.0 = Debug|Any CPU
		{D848F29B-83CC-446E-BCD1-37A6F7874DA8}.Release|Any CPU.ActiveCfg = Release|Any CPU
		{D848F29B-83CC-446E-BCD1-37A6F7874DA8}.Release|Any CPU.Build.0 = Release|Any CPU
	EndGlobalSection
	GlobalSection(SolutionProperties) = preSolution
		HideSolutionNode = FALSE
	EndGlobalSection
	GlobalSection(ExtensibilityGlobals) = postSolution
		SolutionGuid = {7902063E-E79C-444B-8B6E-CD71F05660E0}
	EndGlobalSection
EndGlobal
