
Microsoft Visual Studio Solution File, Format Version 12.00
# Visual Studio Version 17
VisualStudioVersion = 17.2.32519.379
MinimumVisualStudioVersion = 10.0.40219.1
Project("{FAE04EC0-301F-11D3-BF4B-00C04F79EFBC}") = "ProcessamentoDeContratos", "ProcessamentoDeContratos\ProcessamentoDeContratos.csproj", "{3B07F355-0F3A-4D9A-B1FA-94BC708DA69E}"
EndProject
Global
	GlobalSection(SolutionConfigurationPlatforms) = preSolution
		Debug|Any CPU = Debug|Any CPU
		Release|Any CPU = Release|Any CPU
	EndGlobalSection
	GlobalSection(ProjectConfigurationPlatforms) = postSolution
		{3B07F355-0F3A-4D9A-B1FA-94BC708DA69E}.Debug|Any CPU.ActiveCfg = Debug|Any CPU
		{3B07F355-0F3A-4D9A-B1FA-94BC708DA69E}.Debug|Any CPU.Build.0 = Debug|Any CPU
		{3B07F355-0F3A-4D9A-B1FA-94BC708DA69E}.Release|Any CPU.ActiveCfg = Release|Any CPU
		{3B07F355-0F3A-4D9A-B1FA-94BC708DA69E}.Release|Any CPU.Build.0 = Release|Any CPU
	EndGlobalSection
	GlobalSection(SolutionProperties) = preSolution
		HideSolutionNode = FALSE
	EndGlobalSection
	GlobalSection(ExtensibilityGlobals) = postSolution
		SolutionGuid = {62E8EB3A-607C-4166-BB06-D8836FEFB309}
	EndGlobalSection
EndGlobal
