
Microsoft Visual Studio Solution File, Format Version 12.00
# Visual Studio Version 16
VisualStudioVersion = 16.0.31424.327
MinimumVisualStudioVersion = 10.0.40219.1
Project("{FAE04EC0-301F-11D3-BF4B-00C04F79EFBC}") = "multiplication", "multiplication\multiplication.csproj", "{F1FEB986-7341-4B1E-BDC4-C52A4673C34A}"
EndProject
Global
	GlobalSection(SolutionConfigurationPlatforms) = preSolution
		Debug|Any CPU = Debug|Any CPU
		Release|Any CPU = Release|Any CPU
	EndGlobalSection
	GlobalSection(ProjectConfigurationPlatforms) = postSolution
		{F1FEB986-7341-4B1E-BDC4-C52A4673C34A}.Debug|Any CPU.ActiveCfg = Debug|Any CPU
		{F1FEB986-7341-4B1E-BDC4-C52A4673C34A}.Debug|Any CPU.Build.0 = Debug|Any CPU
		{F1FEB986-7341-4B1E-BDC4-C52A4673C34A}.Release|Any CPU.ActiveCfg = Release|Any CPU
		{F1FEB986-7341-4B1E-BDC4-C52A4673C34A}.Release|Any CPU.Build.0 = Release|Any CPU
	EndGlobalSection
	GlobalSection(SolutionProperties) = preSolution
		HideSolutionNode = FALSE
	EndGlobalSection
	GlobalSection(ExtensibilityGlobals) = postSolution
		SolutionGuid = {65D91985-8E12-4023-B495-C009D5FA3CB5}
	EndGlobalSection
EndGlobal
