
Microsoft Visual Studio Solution File, Format Version 12.00
# Visual Studio Version 17
VisualStudioVersion = 17.2.32519.379
MinimumVisualStudioVersion = 10.0.40219.1
Project("{FAE04EC0-301F-11D3-BF4B-00C04F79EFBC}") = "Interface2", "Interface2\Interface2.csproj", "{A2DF22AA-B071-4E44-89C1-F1FDE1376CE1}"
EndProject
Global
	GlobalSection(SolutionConfigurationPlatforms) = preSolution
		Debug|Any CPU = Debug|Any CPU
		Release|Any CPU = Release|Any CPU
	EndGlobalSection
	GlobalSection(ProjectConfigurationPlatforms) = postSolution
		{A2DF22AA-B071-4E44-89C1-F1FDE1376CE1}.Debug|Any CPU.ActiveCfg = Debug|Any CPU
		{A2DF22AA-B071-4E44-89C1-F1FDE1376CE1}.Debug|Any CPU.Build.0 = Debug|Any CPU
		{A2DF22AA-B071-4E44-89C1-F1FDE1376CE1}.Release|Any CPU.ActiveCfg = Release|Any CPU
		{A2DF22AA-B071-4E44-89C1-F1FDE1376CE1}.Release|Any CPU.Build.0 = Release|Any CPU
	EndGlobalSection
	GlobalSection(SolutionProperties) = preSolution
		HideSolutionNode = FALSE
	EndGlobalSection
	GlobalSection(ExtensibilityGlobals) = postSolution
		SolutionGuid = {70518002-441D-4B59-925F-D1D944CE9BB6}
	EndGlobalSection
EndGlobal
